// !$*UTF8*$!
{
	archiveVersion = 1;
	classes = {
	};
	objectVersion = 48;
	objects = {

/* Begin PBXBuildFile section */
		5B1869571FDAFA6400BC9BDF /* Files+Extensions.swift in Sources */ = {isa = PBXBuildFile; fileRef = 5B1869561FDAFA6400BC9BDF /* Files+Extensions.swift */; };
		5B18695A1FDAFAD600BC9BDF /* Models.swift in Sources */ = {isa = PBXBuildFile; fileRef = 5B1869591FDAFAD600BC9BDF /* Models.swift */; };
		5B1A61521FDF20E400B53FD2 /* .swiftlint.yml in Resources */ = {isa = PBXBuildFile; fileRef = 5B1A61511FDF20E400B53FD2 /* .swiftlint.yml */; };
		5B26E5B41FF226B20013B759 /* OpenQuicklyCell.swift in Sources */ = {isa = PBXBuildFile; fileRef = 5B26E5B31FF226B20013B759 /* OpenQuicklyCell.swift */; };
		5B26E5B81FF2287B0013B759 /* Files.framework in Frameworks */ = {isa = PBXBuildFile; fileRef = 5B68A7EA1FD270F9007849CE /* Files.framework */; };
		5B44DA821FE66412001066F2 /* SearchModel.xcdatamodeld in Sources */ = {isa = PBXBuildFile; fileRef = 5B44DA801FE66412001066F2 /* SearchModel.xcdatamodeld */; };
		5B44DABF1FE6651A001066F2 /* SearchModelController.swift in Sources */ = {isa = PBXBuildFile; fileRef = 5B44DABE1FE6651A001066F2 /* SearchModelController.swift */; };
		5B56F04E1FDBC88E00B3A4DF /* MenuOutlineView.swift in Sources */ = {isa = PBXBuildFile; fileRef = 5B56F04D1FDBC88E00B3A4DF /* MenuOutlineView.swift */; };
		5B59A02E1FF1B7DC001538C3 /* Cartfile in Resources */ = {isa = PBXBuildFile; fileRef = 5B59A02D1FF1B7DC001538C3 /* Cartfile */; };
		5B68A7EB1FD270F9007849CE /* Files.framework in Frameworks */ = {isa = PBXBuildFile; fileRef = 5B68A7EA1FD270F9007849CE /* Files.framework */; };
		5B68A7EC1FD270F9007849CE /* Files.framework in Embed Frameworks */ = {isa = PBXBuildFile; fileRef = 5B68A7EA1FD270F9007849CE /* Files.framework */; settings = {ATTRIBUTES = (CodeSignOnCopy, RemoveHeadersOnCopy, ); }; };
		5B68A7F01FD27127007849CE /* Files.framework.dSYM in Carthage symbols */ = {isa = PBXBuildFile; fileRef = 5B68A7EF1FD27127007849CE /* Files.framework.dSYM */; };
		5B68A7F21FD27381007849CE /* FileSystemItemCell.swift in Sources */ = {isa = PBXBuildFile; fileRef = 5B68A7F11FD27381007849CE /* FileSystemItemCell.swift */; };
		5B68A7F41FD294D0007849CE /* MainSettingsViewController.swift in Sources */ = {isa = PBXBuildFile; fileRef = 5B68A7F31FD294D0007849CE /* MainSettingsViewController.swift */; };
		5B6D6CF41FF22BA500994970 /* Settings.storyboard in Resources */ = {isa = PBXBuildFile; fileRef = 5B26E5B91FF22ADB0013B759 /* Settings.storyboard */; };
		5B6D6CF61FF2302A00994970 /* ModelController.swift in Sources */ = {isa = PBXBuildFile; fileRef = 5B6D6CF51FF2302A00994970 /* ModelController.swift */; };
		5B8490301FF3E0DE00A1F03E /* Marklight.framework in Frameworks */ = {isa = PBXBuildFile; fileRef = 5B84902F1FF3E0DD00A1F03E /* Marklight.framework */; };
		5B8490311FF3E0E500A1F03E /* Marklight.framework in Frameworks */ = {isa = PBXBuildFile; fileRef = 5B84902F1FF3E0DD00A1F03E /* Marklight.framework */; };
		5B8490321FF3E0E500A1F03E /* Marklight.framework in Embed Frameworks */ = {isa = PBXBuildFile; fileRef = 5B84902F1FF3E0DD00A1F03E /* Marklight.framework */; settings = {ATTRIBUTES = (CodeSignOnCopy, RemoveHeadersOnCopy, ); }; };
		5B9E4F4D2007F6C900450CB0 /* Fragaria.framework in Frameworks */ = {isa = PBXBuildFile; fileRef = 5B9E4F4C2007F6C900450CB0 /* Fragaria.framework */; };
		5B9E4F4E2007F6C900450CB0 /* Fragaria.framework in Embed Frameworks */ = {isa = PBXBuildFile; fileRef = 5B9E4F4C2007F6C900450CB0 /* Fragaria.framework */; settings = {ATTRIBUTES = (CodeSignOnCopy, RemoveHeadersOnCopy, ); }; };
		5BC1CDF31FF8F2FE009778D3 /* RootFilePresenter.swift in Sources */ = {isa = PBXBuildFile; fileRef = 5BC1CDF21FF8F2FE009778D3 /* RootFilePresenter.swift */; };
		5BC4C7AA1FE6442000252052 /* OpenQuicklyViewController.swift in Sources */ = {isa = PBXBuildFile; fileRef = 5BC4C7A91FE6442000252052 /* OpenQuicklyViewController.swift */; };
		5BC4C7AD1FE6466100252052 /* OpenQuickly.storyboard in Resources */ = {isa = PBXBuildFile; fileRef = 5BC4C7AB1FE6466100252052 /* OpenQuickly.storyboard */; };
		5BC899742004F13500EA247A /* QuartzCore.framework in Frameworks */ = {isa = PBXBuildFile; fileRef = 5BC899732004F13500EA247A /* QuartzCore.framework */; };
		5BF35E021FE8434D0062E7CA /* Notepad.framework in Frameworks */ = {isa = PBXBuildFile; fileRef = 5BF35E011FE8434D0062E7CA /* Notepad.framework */; };
		5BF35E101FE843A30062E7CA /* blues-clues.json in Resources */ = {isa = PBXBuildFile; fileRef = 5BF35E071FE843A20062E7CA /* blues-clues.json */; };
		5BF35E111FE843A30062E7CA /* solarized-dark.json in Resources */ = {isa = PBXBuildFile; fileRef = 5BF35E081FE843A30062E7CA /* solarized-dark.json */; };
		5BF35E121FE843A30062E7CA /* one-light-custom.json in Resources */ = {isa = PBXBuildFile; fileRef = 5BF35E091FE843A30062E7CA /* one-light-custom.json */; };
		5BF35E131FE843A30062E7CA /* one-dark.json in Resources */ = {isa = PBXBuildFile; fileRef = 5BF35E0A1FE843A30062E7CA /* one-dark.json */; };
		5BF35E141FE843A30062E7CA /* one-dark-custom.json in Resources */ = {isa = PBXBuildFile; fileRef = 5BF35E0B1FE843A30062E7CA /* one-dark-custom.json */; };
		5BF35E151FE843A30062E7CA /* one-light.json in Resources */ = {isa = PBXBuildFile; fileRef = 5BF35E0C1FE843A30062E7CA /* one-light.json */; };
		5BF35E161FE843A30062E7CA /* base16-tomorrow-light.json in Resources */ = {isa = PBXBuildFile; fileRef = 5BF35E0D1FE843A30062E7CA /* base16-tomorrow-light.json */; };
		5BF35E171FE843A30062E7CA /* base16-tomorrow-dark.json in Resources */ = {isa = PBXBuildFile; fileRef = 5BF35E0E1FE843A30062E7CA /* base16-tomorrow-dark.json */; };
		5BF35E181FE843A30062E7CA /* solarized-light.json in Resources */ = {isa = PBXBuildFile; fileRef = 5BF35E0F1FE843A30062E7CA /* solarized-light.json */; };
		5BF35E191FE844780062E7CA /* Notepad.framework in Frameworks */ = {isa = PBXBuildFile; fileRef = 5BF35E011FE8434D0062E7CA /* Notepad.framework */; };
		5BF35E1A1FE844780062E7CA /* Notepad.framework in Embed Frameworks */ = {isa = PBXBuildFile; fileRef = 5BF35E011FE8434D0062E7CA /* Notepad.framework */; settings = {ATTRIBUTES = (CodeSignOnCopy, RemoveHeadersOnCopy, ); }; };
		5BF9B8E82001E68B0056D6A7 /* MainWindowController.swift in Sources */ = {isa = PBXBuildFile; fileRef = 5BF9B8E72001E68B0056D6A7 /* MainWindowController.swift */; };
		C5998AF81FD013100096858D /* AppDelegate.swift in Sources */ = {isa = PBXBuildFile; fileRef = C5998AF71FD013100096858D /* AppDelegate.swift */; };
		C5998AFA1FD013100096858D /* EditorViewController.swift in Sources */ = {isa = PBXBuildFile; fileRef = C5998AF91FD013100096858D /* EditorViewController.swift */; };
		C5998AFC1FD013100096858D /* Assets.xcassets in Resources */ = {isa = PBXBuildFile; fileRef = C5998AFB1FD013100096858D /* Assets.xcassets */; };
		C5998AFF1FD013100096858D /* Main.storyboard in Resources */ = {isa = PBXBuildFile; fileRef = C5998AFD1FD013100096858D /* Main.storyboard */; };
		C5998B161FD013100096858D /* PlainyUITests.swift in Sources */ = {isa = PBXBuildFile; fileRef = C5998B151FD013100096858D /* PlainyUITests.swift */; };
		C5D4C6201FD03E7C00A059F2 /* AppSplitViewController.swift in Sources */ = {isa = PBXBuildFile; fileRef = C5D4C61F1FD03E7C00A059F2 /* AppSplitViewController.swift */; };
		C5D4C6221FD045C600A059F2 /* BrowseViewController.swift in Sources */ = {isa = PBXBuildFile; fileRef = C5D4C6211FD045C600A059F2 /* BrowseViewController.swift */; };
/* End PBXBuildFile section */

/* Begin PBXContainerItemProxy section */
		C5998B071FD013100096858D /* PBXContainerItemProxy */ = {
			isa = PBXContainerItemProxy;
			containerPortal = C5998AEC1FD013100096858D /* Project object */;
			proxyType = 1;
			remoteGlobalIDString = C5998AF31FD013100096858D;
			remoteInfo = Plainy;
		};
		C5998B121FD013100096858D /* PBXContainerItemProxy */ = {
			isa = PBXContainerItemProxy;
			containerPortal = C5998AEC1FD013100096858D /* Project object */;
			proxyType = 1;
			remoteGlobalIDString = C5998AF31FD013100096858D;
			remoteInfo = Plainy;
		};
/* End PBXContainerItemProxy section */

/* Begin PBXCopyFilesBuildPhase section */
		5B68A7ED1FD270F9007849CE /* Embed Frameworks */ = {
			isa = PBXCopyFilesBuildPhase;
			buildActionMask = 2147483647;
			dstPath = "";
			dstSubfolderSpec = 10;
			files = (
				5BF35E1A1FE844780062E7CA /* Notepad.framework in Embed Frameworks */,
				5B8490321FF3E0E500A1F03E /* Marklight.framework in Embed Frameworks */,
				5B68A7EC1FD270F9007849CE /* Files.framework in Embed Frameworks */,
				5B9E4F4E2007F6C900450CB0 /* Fragaria.framework in Embed Frameworks */,
			);
			name = "Embed Frameworks";
			runOnlyForDeploymentPostprocessing = 0;
		};
		5B68A7EE1FD2710B007849CE /* Carthage symbols */ = {
			isa = PBXCopyFilesBuildPhase;
			buildActionMask = 2147483647;
			dstPath = "";
			dstSubfolderSpec = 16;
			files = (
				5B68A7F01FD27127007849CE /* Files.framework.dSYM in Carthage symbols */,
			);
			name = "Carthage symbols";
			runOnlyForDeploymentPostprocessing = 0;
		};
/* End PBXCopyFilesBuildPhase section */

/* Begin PBXFileReference section */
		5B1869561FDAFA6400BC9BDF /* Files+Extensions.swift */ = {isa = PBXFileReference; lastKnownFileType = sourcecode.swift; path = "Files+Extensions.swift"; sourceTree = "<group>"; };
		5B1869591FDAFAD600BC9BDF /* Models.swift */ = {isa = PBXFileReference; lastKnownFileType = sourcecode.swift; path = Models.swift; sourceTree = "<group>"; };
		5B1A61511FDF20E400B53FD2 /* .swiftlint.yml */ = {isa = PBXFileReference; lastKnownFileType = text; path = .swiftlint.yml; sourceTree = "<group>"; };
		5B26E5B31FF226B20013B759 /* OpenQuicklyCell.swift */ = {isa = PBXFileReference; lastKnownFileType = sourcecode.swift; path = OpenQuicklyCell.swift; sourceTree = "<group>"; };
		5B26E5B91FF22ADB0013B759 /* Settings.storyboard */ = {isa = PBXFileReference; lastKnownFileType = file.storyboard; name = Settings.storyboard; path = /Users/martin/Code/Plainy/Plainy/Settings.storyboard; sourceTree = "<absolute>"; };
		5B44DA811FE66412001066F2 /* SearchModel.xcdatamodel */ = {isa = PBXFileReference; lastKnownFileType = wrapper.xcdatamodel; path = SearchModel.xcdatamodel; sourceTree = "<group>"; };
		5B44DABE1FE6651A001066F2 /* SearchModelController.swift */ = {isa = PBXFileReference; lastKnownFileType = sourcecode.swift; path = SearchModelController.swift; sourceTree = "<group>"; };
		5B56F04D1FDBC88E00B3A4DF /* MenuOutlineView.swift */ = {isa = PBXFileReference; lastKnownFileType = sourcecode.swift; path = MenuOutlineView.swift; sourceTree = "<group>"; };
		5B59A02D1FF1B7DC001538C3 /* Cartfile */ = {isa = PBXFileReference; fileEncoding = 4; lastKnownFileType = text; path = Cartfile; sourceTree = "<group>"; };
		5B630BD71FD5E722006D34FA /* README.md */ = {isa = PBXFileReference; lastKnownFileType = net.daringfireball.markdown; path = README.md; sourceTree = "<group>"; };
		5B68A7EA1FD270F9007849CE /* Files.framework */ = {isa = PBXFileReference; lastKnownFileType = wrapper.framework; name = Files.framework; path = Carthage/Build/Mac/Files.framework; sourceTree = "<group>"; };
		5B68A7EF1FD27127007849CE /* Files.framework.dSYM */ = {isa = PBXFileReference; lastKnownFileType = wrapper.dsym; name = Files.framework.dSYM; path = Carthage/Build/Mac/Files.framework.dSYM; sourceTree = "<group>"; };
		5B68A7F11FD27381007849CE /* FileSystemItemCell.swift */ = {isa = PBXFileReference; lastKnownFileType = sourcecode.swift; path = FileSystemItemCell.swift; sourceTree = "<group>"; };
		5B68A7F31FD294D0007849CE /* MainSettingsViewController.swift */ = {isa = PBXFileReference; lastKnownFileType = sourcecode.swift; path = MainSettingsViewController.swift; sourceTree = "<group>"; };
		5B6D6CF51FF2302A00994970 /* ModelController.swift */ = {isa = PBXFileReference; lastKnownFileType = sourcecode.swift; path = ModelController.swift; sourceTree = "<group>"; };
		5B84902F1FF3E0DD00A1F03E /* Marklight.framework */ = {isa = PBXFileReference; lastKnownFileType = wrapper.framework; name = Marklight.framework; path = Carthage/Build/Mac/Marklight.framework; sourceTree = "<group>"; };
		5B9E4F4C2007F6C900450CB0 /* Fragaria.framework */ = {isa = PBXFileReference; explicitFileType = wrapper.framework; path = Fragaria.framework; sourceTree = BUILT_PRODUCTS_DIR; };
		5BC1CDF21FF8F2FE009778D3 /* RootFilePresenter.swift */ = {isa = PBXFileReference; lastKnownFileType = sourcecode.swift; path = RootFilePresenter.swift; sourceTree = "<group>"; };
		5BC4C7A91FE6442000252052 /* OpenQuicklyViewController.swift */ = {isa = PBXFileReference; lastKnownFileType = sourcecode.swift; path = OpenQuicklyViewController.swift; sourceTree = "<group>"; };
		5BC4C7AC1FE6466100252052 /* Base */ = {isa = PBXFileReference; lastKnownFileType = file.storyboard; name = Base; path = Plainy/Base.lproj/OpenQuickly.storyboard; sourceTree = "<group>"; };
		5BC899732004F13500EA247A /* QuartzCore.framework */ = {isa = PBXFileReference; lastKnownFileType = wrapper.framework; name = QuartzCore.framework; path = System/Library/Frameworks/QuartzCore.framework; sourceTree = SDKROOT; };
		5BF35E011FE8434D0062E7CA /* Notepad.framework */ = {isa = PBXFileReference; lastKnownFileType = wrapper.framework; name = Notepad.framework; path = Carthage/Build/Mac/Notepad.framework; sourceTree = "<group>"; };
		5BF35E071FE843A20062E7CA /* blues-clues.json */ = {isa = PBXFileReference; fileEncoding = 4; lastKnownFileType = text.json; name = "blues-clues.json"; path = "themes/blues-clues.json"; sourceTree = "<group>"; };
		5BF35E081FE843A30062E7CA /* solarized-dark.json */ = {isa = PBXFileReference; fileEncoding = 4; lastKnownFileType = text.json; name = "solarized-dark.json"; path = "themes/solarized-dark.json"; sourceTree = "<group>"; };
		5BF35E091FE843A30062E7CA /* one-light-custom.json */ = {isa = PBXFileReference; fileEncoding = 4; lastKnownFileType = text.json; name = "one-light-custom.json"; path = "themes/one-light-custom.json"; sourceTree = "<group>"; };
		5BF35E0A1FE843A30062E7CA /* one-dark.json */ = {isa = PBXFileReference; fileEncoding = 4; lastKnownFileType = text.json; name = "one-dark.json"; path = "themes/one-dark.json"; sourceTree = "<group>"; };
		5BF35E0B1FE843A30062E7CA /* one-dark-custom.json */ = {isa = PBXFileReference; fileEncoding = 4; lastKnownFileType = text.json; name = "one-dark-custom.json"; path = "themes/one-dark-custom.json"; sourceTree = "<group>"; };
		5BF35E0C1FE843A30062E7CA /* one-light.json */ = {isa = PBXFileReference; fileEncoding = 4; lastKnownFileType = text.json; name = "one-light.json"; path = "themes/one-light.json"; sourceTree = "<group>"; };
		5BF35E0D1FE843A30062E7CA /* base16-tomorrow-light.json */ = {isa = PBXFileReference; fileEncoding = 4; lastKnownFileType = text.json; name = "base16-tomorrow-light.json"; path = "themes/base16-tomorrow-light.json"; sourceTree = "<group>"; };
		5BF35E0E1FE843A30062E7CA /* base16-tomorrow-dark.json */ = {isa = PBXFileReference; fileEncoding = 4; lastKnownFileType = text.json; name = "base16-tomorrow-dark.json"; path = "themes/base16-tomorrow-dark.json"; sourceTree = "<group>"; };
		5BF35E0F1FE843A30062E7CA /* solarized-light.json */ = {isa = PBXFileReference; fileEncoding = 4; lastKnownFileType = text.json; name = "solarized-light.json"; path = "themes/solarized-light.json"; sourceTree = "<group>"; };
		5BF9B8E72001E68B0056D6A7 /* MainWindowController.swift */ = {isa = PBXFileReference; lastKnownFileType = sourcecode.swift; path = MainWindowController.swift; sourceTree = "<group>"; };
		C5998AF41FD013100096858D /* Plainy.app */ = {isa = PBXFileReference; explicitFileType = wrapper.application; includeInIndex = 0; path = Plainy.app; sourceTree = BUILT_PRODUCTS_DIR; };
		C5998AF71FD013100096858D /* AppDelegate.swift */ = {isa = PBXFileReference; lastKnownFileType = sourcecode.swift; path = AppDelegate.swift; sourceTree = "<group>"; };
		C5998AF91FD013100096858D /* EditorViewController.swift */ = {isa = PBXFileReference; lastKnownFileType = sourcecode.swift; path = EditorViewController.swift; sourceTree = "<group>"; };
		C5998AFB1FD013100096858D /* Assets.xcassets */ = {isa = PBXFileReference; lastKnownFileType = folder.assetcatalog; path = Assets.xcassets; sourceTree = "<group>"; };
		C5998AFE1FD013100096858D /* Base */ = {isa = PBXFileReference; lastKnownFileType = file.storyboard; name = Base; path = Base.lproj/Main.storyboard; sourceTree = "<group>"; };
		C5998B001FD013100096858D /* Info.plist */ = {isa = PBXFileReference; lastKnownFileType = text.plist.xml; path = Info.plist; sourceTree = "<group>"; };
		C5998B011FD013100096858D /* Plainy.entitlements */ = {isa = PBXFileReference; lastKnownFileType = text.plist.entitlements; path = Plainy.entitlements; sourceTree = "<group>"; };
		C5998B061FD013100096858D /* PlainyTests.xctest */ = {isa = PBXFileReference; explicitFileType = wrapper.cfbundle; includeInIndex = 0; path = PlainyTests.xctest; sourceTree = BUILT_PRODUCTS_DIR; };
		C5998B0C1FD013100096858D /* Info.plist */ = {isa = PBXFileReference; lastKnownFileType = text.plist.xml; path = Info.plist; sourceTree = "<group>"; };
		C5998B111FD013100096858D /* PlainyUITests.xctest */ = {isa = PBXFileReference; explicitFileType = wrapper.cfbundle; includeInIndex = 0; path = PlainyUITests.xctest; sourceTree = BUILT_PRODUCTS_DIR; };
		C5998B151FD013100096858D /* PlainyUITests.swift */ = {isa = PBXFileReference; lastKnownFileType = sourcecode.swift; path = PlainyUITests.swift; sourceTree = "<group>"; };
		C5998B171FD013100096858D /* Info.plist */ = {isa = PBXFileReference; lastKnownFileType = text.plist.xml; path = Info.plist; sourceTree = "<group>"; };
		C5D4C61F1FD03E7C00A059F2 /* AppSplitViewController.swift */ = {isa = PBXFileReference; lastKnownFileType = sourcecode.swift; path = AppSplitViewController.swift; sourceTree = "<group>"; };
		C5D4C6211FD045C600A059F2 /* BrowseViewController.swift */ = {isa = PBXFileReference; lastKnownFileType = sourcecode.swift; path = BrowseViewController.swift; sourceTree = "<group>"; };
/* End PBXFileReference section */

/* Begin PBXFrameworksBuildPhase section */
		C5998AF11FD013100096858D /* Frameworks */ = {
			isa = PBXFrameworksBuildPhase;
			buildActionMask = 2147483647;
			files = (
				5BC899742004F13500EA247A /* QuartzCore.framework in Frameworks */,
				5B9E4F4D2007F6C900450CB0 /* Fragaria.framework in Frameworks */,
				5BF35E191FE844780062E7CA /* Notepad.framework in Frameworks */,
				5B8490311FF3E0E500A1F03E /* Marklight.framework in Frameworks */,
				5BF35E021FE8434D0062E7CA /* Notepad.framework in Frameworks */,
				5B68A7EB1FD270F9007849CE /* Files.framework in Frameworks */,
				5B8490301FF3E0DE00A1F03E /* Marklight.framework in Frameworks */,
			);
			runOnlyForDeploymentPostprocessing = 0;
		};
		C5998B031FD013100096858D /* Frameworks */ = {
			isa = PBXFrameworksBuildPhase;
			buildActionMask = 2147483647;
			files = (
				5B26E5B81FF2287B0013B759 /* Files.framework in Frameworks */,
			);
			runOnlyForDeploymentPostprocessing = 0;
		};
		C5998B0E1FD013100096858D /* Frameworks */ = {
			isa = PBXFrameworksBuildPhase;
			buildActionMask = 2147483647;
			files = (
			);
			runOnlyForDeploymentPostprocessing = 0;
		};
/* End PBXFrameworksBuildPhase section */

/* Begin PBXGroup section */
		5B1869551FDAFA5400BC9BDF /* Extensions */ = {
			isa = PBXGroup;
			children = (
				5B1869561FDAFA6400BC9BDF /* Files+Extensions.swift */,
			);
			path = Extensions;
			sourceTree = "<group>";
		};
		5B1869581FDAFA8900BC9BDF /* Models */ = {
			isa = PBXGroup;
			children = (
				5B1869591FDAFAD600BC9BDF /* Models.swift */,
				5B6D6CF51FF2302A00994970 /* ModelController.swift */,
				5B44DA801FE66412001066F2 /* SearchModel.xcdatamodeld */,
				5B44DABE1FE6651A001066F2 /* SearchModelController.swift */,
				5BC1CDF21FF8F2FE009778D3 /* RootFilePresenter.swift */,
			);
			path = Models;
			sourceTree = "<group>";
		};
		5B26E5B21FF2268E0013B759 /* Views */ = {
			isa = PBXGroup;
			children = (
				5B56F04D1FDBC88E00B3A4DF /* MenuOutlineView.swift */,
				5B68A7F11FD27381007849CE /* FileSystemItemCell.swift */,
				5B26E5B31FF226B20013B759 /* OpenQuicklyCell.swift */,
			);
			path = Views;
			sourceTree = "<group>";
		};
		5B26E5B51FF226F40013B759 /* ViewController */ = {
			isa = PBXGroup;
			children = (
				C5998AF91FD013100096858D /* EditorViewController.swift */,
				C5D4C61F1FD03E7C00A059F2 /* AppSplitViewController.swift */,
				C5D4C6211FD045C600A059F2 /* BrowseViewController.swift */,
				5B68A7F31FD294D0007849CE /* MainSettingsViewController.swift */,
				5BC4C7A91FE6442000252052 /* OpenQuicklyViewController.swift */,
			);
			path = ViewController;
			sourceTree = "<group>";
		};
		5BC899722004F13400EA247A /* Frameworks */ = {
			isa = PBXGroup;
			children = (
				5BC899732004F13500EA247A /* QuartzCore.framework */,
			);
			name = Frameworks;
			sourceTree = "<group>";
		};
		5BF35E061FE843960062E7CA /* themes */ = {
			isa = PBXGroup;
			children = (
				5BF35E0E1FE843A30062E7CA /* base16-tomorrow-dark.json */,
				5BF35E0D1FE843A30062E7CA /* base16-tomorrow-light.json */,
				5BF35E071FE843A20062E7CA /* blues-clues.json */,
				5BF35E0B1FE843A30062E7CA /* one-dark-custom.json */,
				5BF35E0A1FE843A30062E7CA /* one-dark.json */,
				5BF35E091FE843A30062E7CA /* one-light-custom.json */,
				5BF35E0C1FE843A30062E7CA /* one-light.json */,
				5BF35E081FE843A30062E7CA /* solarized-dark.json */,
				5BF35E0F1FE843A30062E7CA /* solarized-light.json */,
			);
			name = themes;
			sourceTree = "<group>";
		};
		5BF9B8E62001E6730056D6A7 /* WindowController */ = {
			isa = PBXGroup;
			children = (
				5BF9B8E72001E68B0056D6A7 /* MainWindowController.swift */,
			);
			path = WindowController;
			sourceTree = "<group>";
		};
		C5998AEB1FD013100096858D = {
			isa = PBXGroup;
			children = (
				5B9E4F4C2007F6C900450CB0 /* Fragaria.framework */,
				5B59A02D1FF1B7DC001538C3 /* Cartfile */,
				5B1A61511FDF20E400B53FD2 /* .swiftlint.yml */,
				5B630BD71FD5E722006D34FA /* README.md */,
				5B68A7EF1FD27127007849CE /* Files.framework.dSYM */,
				5B84902F1FF3E0DD00A1F03E /* Marklight.framework */,
				5BF35E011FE8434D0062E7CA /* Notepad.framework */,
				5B68A7EA1FD270F9007849CE /* Files.framework */,
				C5998AF61FD013100096858D /* Plainy */,
				C5998B091FD013100096858D /* PlainyTests */,
				C5998B141FD013100096858D /* PlainyUITests */,
				C5998AF51FD013100096858D /* Products */,
				5BC899722004F13400EA247A /* Frameworks */,
			);
			sourceTree = "<group>";
		};
		C5998AF51FD013100096858D /* Products */ = {
			isa = PBXGroup;
			children = (
				C5998AF41FD013100096858D /* Plainy.app */,
				C5998B061FD013100096858D /* PlainyTests.xctest */,
				C5998B111FD013100096858D /* PlainyUITests.xctest */,
			);
			name = Products;
			sourceTree = "<group>";
		};
		C5998AF61FD013100096858D /* Plainy */ = {
			isa = PBXGroup;
			children = (
				5BF9B8E62001E6730056D6A7 /* WindowController */,
				5B26E5B51FF226F40013B759 /* ViewController */,
				5B26E5B21FF2268E0013B759 /* Views */,
				5BF35E061FE843960062E7CA /* themes */,
				5B1869581FDAFA8900BC9BDF /* Models */,
				5B1869551FDAFA5400BC9BDF /* Extensions */,
				C5998AF71FD013100096858D /* AppDelegate.swift */,
				C5998AFB1FD013100096858D /* Assets.xcassets */,
				C5998AFD1FD013100096858D /* Main.storyboard */,
				5BC4C7AB1FE6466100252052 /* OpenQuickly.storyboard */,
				5B26E5B91FF22ADB0013B759 /* Settings.storyboard */,
				C5998B001FD013100096858D /* Info.plist */,
				C5998B011FD013100096858D /* Plainy.entitlements */,
			);
			path = Plainy;
			sourceTree = "<group>";
		};
		C5998B091FD013100096858D /* PlainyTests */ = {
			isa = PBXGroup;
			children = (
				C5998B0C1FD013100096858D /* Info.plist */,
			);
			path = PlainyTests;
			sourceTree = "<group>";
		};
		C5998B141FD013100096858D /* PlainyUITests */ = {
			isa = PBXGroup;
			children = (
				C5998B151FD013100096858D /* PlainyUITests.swift */,
				C5998B171FD013100096858D /* Info.plist */,
			);
			path = PlainyUITests;
			sourceTree = "<group>";
		};
/* End PBXGroup section */

/* Begin PBXNativeTarget section */
		C5998AF31FD013100096858D /* Plainy */ = {
			isa = PBXNativeTarget;
			buildConfigurationList = C5998B1A1FD013100096858D /* Build configuration list for PBXNativeTarget "Plainy" */;
			buildPhases = (
				C5998AF01FD013100096858D /* Sources */,
				C5998AF11FD013100096858D /* Frameworks */,
				C5998AF21FD013100096858D /* Resources */,
				5B68A7ED1FD270F9007849CE /* Embed Frameworks */,
				5B68A7EE1FD2710B007849CE /* Carthage symbols */,
				5B1A61501FDF203700B53FD2 /* SwiftLint */,
			);
			buildRules = (
			);
			dependencies = (
			);
			name = Plainy;
			productName = Plainy;
			productReference = C5998AF41FD013100096858D /* Plainy.app */;
			productType = "com.apple.product-type.application";
		};
		C5998B051FD013100096858D /* PlainyTests */ = {
			isa = PBXNativeTarget;
			buildConfigurationList = C5998B1D1FD013100096858D /* Build configuration list for PBXNativeTarget "PlainyTests" */;
			buildPhases = (
				C5998B021FD013100096858D /* Sources */,
				C5998B031FD013100096858D /* Frameworks */,
				C5998B041FD013100096858D /* Resources */,
			);
			buildRules = (
			);
			dependencies = (
				C5998B081FD013100096858D /* PBXTargetDependency */,
			);
			name = PlainyTests;
			productName = PlainyTests;
			productReference = C5998B061FD013100096858D /* PlainyTests.xctest */;
			productType = "com.apple.product-type.bundle.unit-test";
		};
		C5998B101FD013100096858D /* PlainyUITests */ = {
			isa = PBXNativeTarget;
			buildConfigurationList = C5998B201FD013100096858D /* Build configuration list for PBXNativeTarget "PlainyUITests" */;
			buildPhases = (
				C5998B0D1FD013100096858D /* Sources */,
				C5998B0E1FD013100096858D /* Frameworks */,
				C5998B0F1FD013100096858D /* Resources */,
			);
			buildRules = (
			);
			dependencies = (
				C5998B131FD013100096858D /* PBXTargetDependency */,
			);
			name = PlainyUITests;
			productName = PlainyUITests;
			productReference = C5998B111FD013100096858D /* PlainyUITests.xctest */;
			productType = "com.apple.product-type.bundle.ui-testing";
		};
/* End PBXNativeTarget section */

/* Begin PBXProject section */
		C5998AEC1FD013100096858D /* Project object */ = {
			isa = PBXProject;
			attributes = {
				LastSwiftUpdateCheck = 0910;
				LastUpgradeCheck = 0920;
				ORGANIZATIONNAME = "Martin Hartl";
				TargetAttributes = {
					C5998AF31FD013100096858D = {
						CreatedOnToolsVersion = 9.1;
						ProvisioningStyle = Automatic;
					};
					C5998B051FD013100096858D = {
						CreatedOnToolsVersion = 9.1;
						ProvisioningStyle = Automatic;
						TestTargetID = C5998AF31FD013100096858D;
					};
					C5998B101FD013100096858D = {
						CreatedOnToolsVersion = 9.1;
						ProvisioningStyle = Automatic;
						TestTargetID = C5998AF31FD013100096858D;
					};
				};
			};
			buildConfigurationList = C5998AEF1FD013100096858D /* Build configuration list for PBXProject "Plainy" */;
			compatibilityVersion = "Xcode 8.0";
			developmentRegion = en;
			hasScannedForEncodings = 0;
			knownRegions = (
				en,
				Base,
			);
			mainGroup = C5998AEB1FD013100096858D;
			productRefGroup = C5998AF51FD013100096858D /* Products */;
			projectDirPath = "";
			projectRoot = "";
			targets = (
				C5998AF31FD013100096858D /* Plainy */,
				C5998B051FD013100096858D /* PlainyTests */,
				C5998B101FD013100096858D /* PlainyUITests */,
			);
		};
/* End PBXProject section */

/* Begin PBXResourcesBuildPhase section */
		C5998AF21FD013100096858D /* Resources */ = {
			isa = PBXResourcesBuildPhase;
			buildActionMask = 2147483647;
			files = (
				5B59A02E1FF1B7DC001538C3 /* Cartfile in Resources */,
				5BF35E171FE843A30062E7CA /* base16-tomorrow-dark.json in Resources */,
				5B1A61521FDF20E400B53FD2 /* .swiftlint.yml in Resources */,
				5BC4C7AD1FE6466100252052 /* OpenQuickly.storyboard in Resources */,
				C5998AFC1FD013100096858D /* Assets.xcassets in Resources */,
				5BF35E141FE843A30062E7CA /* one-dark-custom.json in Resources */,
				5BF35E181FE843A30062E7CA /* solarized-light.json in Resources */,
				C5998AFF1FD013100096858D /* Main.storyboard in Resources */,
				5BF35E121FE843A30062E7CA /* one-light-custom.json in Resources */,
				5B6D6CF41FF22BA500994970 /* Settings.storyboard in Resources */,
				5BF35E101FE843A30062E7CA /* blues-clues.json in Resources */,
				5BF35E151FE843A30062E7CA /* one-light.json in Resources */,
				5BF35E131FE843A30062E7CA /* one-dark.json in Resources */,
				5BF35E111FE843A30062E7CA /* solarized-dark.json in Resources */,
				5BF35E161FE843A30062E7CA /* base16-tomorrow-light.json in Resources */,
			);
			runOnlyForDeploymentPostprocessing = 0;
		};
		C5998B041FD013100096858D /* Resources */ = {
			isa = PBXResourcesBuildPhase;
			buildActionMask = 2147483647;
			files = (
			);
			runOnlyForDeploymentPostprocessing = 0;
		};
		C5998B0F1FD013100096858D /* Resources */ = {
			isa = PBXResourcesBuildPhase;
			buildActionMask = 2147483647;
			files = (
			);
			runOnlyForDeploymentPostprocessing = 0;
		};
/* End PBXResourcesBuildPhase section */

/* Begin PBXShellScriptBuildPhase section */
		5B1A61501FDF203700B53FD2 /* SwiftLint */ = {
			isa = PBXShellScriptBuildPhase;
			buildActionMask = 2147483647;
			files = (
			);
			inputPaths = (
			);
			name = SwiftLint;
			outputPaths = (
			);
			runOnlyForDeploymentPostprocessing = 0;
			shellPath = /bin/sh;
			shellScript = "if which mint >/dev/null; then\nmint run realm/SwiftLint\nelse\necho \"warning: SwiftLint not installed, download from https://github.com/realm/SwiftLint\"\nfi";
		};
/* End PBXShellScriptBuildPhase section */

/* Begin PBXSourcesBuildPhase section */
		C5998AF01FD013100096858D /* Sources */ = {
			isa = PBXSourcesBuildPhase;
			buildActionMask = 2147483647;
			files = (
				5B68A7F41FD294D0007849CE /* MainSettingsViewController.swift in Sources */,
				5B44DABF1FE6651A001066F2 /* SearchModelController.swift in Sources */,
				C5D4C6201FD03E7C00A059F2 /* AppSplitViewController.swift in Sources */,
				C5998AFA1FD013100096858D /* EditorViewController.swift in Sources */,
				5B56F04E1FDBC88E00B3A4DF /* MenuOutlineView.swift in Sources */,
				5B6D6CF61FF2302A00994970 /* ModelController.swift in Sources */,
				5BF9B8E82001E68B0056D6A7 /* MainWindowController.swift in Sources */,
				5B18695A1FDAFAD600BC9BDF /* Models.swift in Sources */,
				C5D4C6221FD045C600A059F2 /* BrowseViewController.swift in Sources */,
				5B1869571FDAFA6400BC9BDF /* Files+Extensions.swift in Sources */,
				5B68A7F21FD27381007849CE /* FileSystemItemCell.swift in Sources */,
				C5998AF81FD013100096858D /* AppDelegate.swift in Sources */,
				5BC1CDF31FF8F2FE009778D3 /* RootFilePresenter.swift in Sources */,
				5BC4C7AA1FE6442000252052 /* OpenQuicklyViewController.swift in Sources */,
				5B26E5B41FF226B20013B759 /* OpenQuicklyCell.swift in Sources */,
				5B44DA821FE66412001066F2 /* SearchModel.xcdatamodeld in Sources */,
			);
			runOnlyForDeploymentPostprocessing = 0;
		};
		C5998B021FD013100096858D /* Sources */ = {
			isa = PBXSourcesBuildPhase;
			buildActionMask = 2147483647;
			files = (
			);
			runOnlyForDeploymentPostprocessing = 0;
		};
		C5998B0D1FD013100096858D /* Sources */ = {
			isa = PBXSourcesBuildPhase;
			buildActionMask = 2147483647;
			files = (
				C5998B161FD013100096858D /* PlainyUITests.swift in Sources */,
			);
			runOnlyForDeploymentPostprocessing = 0;
		};
/* End PBXSourcesBuildPhase section */

/* Begin PBXTargetDependency section */
		C5998B081FD013100096858D /* PBXTargetDependency */ = {
			isa = PBXTargetDependency;
			target = C5998AF31FD013100096858D /* Plainy */;
			targetProxy = C5998B071FD013100096858D /* PBXContainerItemProxy */;
		};
		C5998B131FD013100096858D /* PBXTargetDependency */ = {
			isa = PBXTargetDependency;
			target = C5998AF31FD013100096858D /* Plainy */;
			targetProxy = C5998B121FD013100096858D /* PBXContainerItemProxy */;
		};
/* End PBXTargetDependency section */

/* Begin PBXVariantGroup section */
		5BC4C7AB1FE6466100252052 /* OpenQuickly.storyboard */ = {
			isa = PBXVariantGroup;
			children = (
				5BC4C7AC1FE6466100252052 /* Base */,
			);
			name = OpenQuickly.storyboard;
			sourceTree = "<group>";
		};
		C5998AFD1FD013100096858D /* Main.storyboard */ = {
			isa = PBXVariantGroup;
			children = (
				C5998AFE1FD013100096858D /* Base */,
			);
			name = Main.storyboard;
			sourceTree = "<group>";
		};
/* End PBXVariantGroup section */

/* Begin XCBuildConfiguration section */
		C5998B181FD013100096858D /* Debug */ = {
			isa = XCBuildConfiguration;
			buildSettings = {
				ALWAYS_SEARCH_USER_PATHS = NO;
				CLANG_ANALYZER_NONNULL = YES;
				CLANG_ANALYZER_NUMBER_OBJECT_CONVERSION = YES_AGGRESSIVE;
				CLANG_CXX_LANGUAGE_STANDARD = "gnu++14";
				CLANG_CXX_LIBRARY = "libc++";
				CLANG_ENABLE_MODULES = YES;
				CLANG_ENABLE_OBJC_ARC = YES;
				CLANG_WARN_BLOCK_CAPTURE_AUTORELEASING = YES;
				CLANG_WARN_BOOL_CONVERSION = YES;
				CLANG_WARN_COMMA = YES;
				CLANG_WARN_CONSTANT_CONVERSION = YES;
				CLANG_WARN_DIRECT_OBJC_ISA_USAGE = YES_ERROR;
				CLANG_WARN_DOCUMENTATION_COMMENTS = YES;
				CLANG_WARN_EMPTY_BODY = YES;
				CLANG_WARN_ENUM_CONVERSION = YES;
				CLANG_WARN_INFINITE_RECURSION = YES;
				CLANG_WARN_INT_CONVERSION = YES;
				CLANG_WARN_NON_LITERAL_NULL_CONVERSION = YES;
				CLANG_WARN_OBJC_LITERAL_CONVERSION = YES;
				CLANG_WARN_OBJC_ROOT_CLASS = YES_ERROR;
				CLANG_WARN_RANGE_LOOP_ANALYSIS = YES;
				CLANG_WARN_STRICT_PROTOTYPES = YES;
				CLANG_WARN_SUSPICIOUS_MOVE = YES;
				CLANG_WARN_UNGUARDED_AVAILABILITY = YES_AGGRESSIVE;
				CLANG_WARN_UNREACHABLE_CODE = YES;
				CLANG_WARN__DUPLICATE_METHOD_MATCH = YES;
				CODE_SIGN_IDENTITY = "-";
				COPY_PHASE_STRIP = NO;
				DEBUG_INFORMATION_FORMAT = dwarf;
				ENABLE_STRICT_OBJC_MSGSEND = YES;
				ENABLE_TESTABILITY = YES;
				GCC_C_LANGUAGE_STANDARD = gnu11;
				GCC_DYNAMIC_NO_PIC = NO;
				GCC_NO_COMMON_BLOCKS = YES;
				GCC_OPTIMIZATION_LEVEL = 0;
				GCC_PREPROCESSOR_DEFINITIONS = (
					"DEBUG=1",
					"$(inherited)",
				);
				GCC_WARN_64_TO_32_BIT_CONVERSION = YES;
				GCC_WARN_ABOUT_RETURN_TYPE = YES_ERROR;
				GCC_WARN_UNDECLARED_SELECTOR = YES;
				GCC_WARN_UNINITIALIZED_AUTOS = YES_AGGRESSIVE;
				GCC_WARN_UNUSED_FUNCTION = YES;
				GCC_WARN_UNUSED_VARIABLE = YES;
				MACOSX_DEPLOYMENT_TARGET = 10.13;
				MTL_ENABLE_DEBUG_INFO = YES;
				ONLY_ACTIVE_ARCH = YES;
				SDKROOT = macosx;
				SWIFT_ACTIVE_COMPILATION_CONDITIONS = DEBUG;
				SWIFT_OPTIMIZATION_LEVEL = "-Onone";
			};
			name = Debug;
		};
		C5998B191FD013100096858D /* Release */ = {
			isa = XCBuildConfiguration;
			buildSettings = {
				ALWAYS_SEARCH_USER_PATHS = NO;
				CLANG_ANALYZER_NONNULL = YES;
				CLANG_ANALYZER_NUMBER_OBJECT_CONVERSION = YES_AGGRESSIVE;
				CLANG_CXX_LANGUAGE_STANDARD = "gnu++14";
				CLANG_CXX_LIBRARY = "libc++";
				CLANG_ENABLE_MODULES = YES;
				CLANG_ENABLE_OBJC_ARC = YES;
				CLANG_WARN_BLOCK_CAPTURE_AUTORELEASING = YES;
				CLANG_WARN_BOOL_CONVERSION = YES;
				CLANG_WARN_COMMA = YES;
				CLANG_WARN_CONSTANT_CONVERSION = YES;
				CLANG_WARN_DIRECT_OBJC_ISA_USAGE = YES_ERROR;
				CLANG_WARN_DOCUMENTATION_COMMENTS = YES;
				CLANG_WARN_EMPTY_BODY = YES;
				CLANG_WARN_ENUM_CONVERSION = YES;
				CLANG_WARN_INFINITE_RECURSION = YES;
				CLANG_WARN_INT_CONVERSION = YES;
				CLANG_WARN_NON_LITERAL_NULL_CONVERSION = YES;
				CLANG_WARN_OBJC_LITERAL_CONVERSION = YES;
				CLANG_WARN_OBJC_ROOT_CLASS = YES_ERROR;
				CLANG_WARN_RANGE_LOOP_ANALYSIS = YES;
				CLANG_WARN_STRICT_PROTOTYPES = YES;
				CLANG_WARN_SUSPICIOUS_MOVE = YES;
				CLANG_WARN_UNGUARDED_AVAILABILITY = YES_AGGRESSIVE;
				CLANG_WARN_UNREACHABLE_CODE = YES;
				CLANG_WARN__DUPLICATE_METHOD_MATCH = YES;
				CODE_SIGN_IDENTITY = "-";
				COPY_PHASE_STRIP = NO;
				DEBUG_INFORMATION_FORMAT = "dwarf-with-dsym";
				ENABLE_NS_ASSERTIONS = NO;
				ENABLE_STRICT_OBJC_MSGSEND = YES;
				GCC_C_LANGUAGE_STANDARD = gnu11;
				GCC_NO_COMMON_BLOCKS = YES;
				GCC_WARN_64_TO_32_BIT_CONVERSION = YES;
				GCC_WARN_ABOUT_RETURN_TYPE = YES_ERROR;
				GCC_WARN_UNDECLARED_SELECTOR = YES;
				GCC_WARN_UNINITIALIZED_AUTOS = YES_AGGRESSIVE;
				GCC_WARN_UNUSED_FUNCTION = YES;
				GCC_WARN_UNUSED_VARIABLE = YES;
				MACOSX_DEPLOYMENT_TARGET = 10.13;
				MTL_ENABLE_DEBUG_INFO = NO;
				SDKROOT = macosx;
				SWIFT_OPTIMIZATION_LEVEL = "-Owholemodule";
			};
			name = Release;
		};
		C5998B1B1FD013100096858D /* Debug */ = {
			isa = XCBuildConfiguration;
			buildSettings = {
				ASSETCATALOG_COMPILER_APPICON_NAME = AppIcon;
				CODE_SIGN_ENTITLEMENTS = Plainy/Plainy.entitlements;
				CODE_SIGN_STYLE = Automatic;
				COMBINE_HIDPI_IMAGES = YES;
				FRAMEWORK_SEARCH_PATHS = (
					"$(inherited)",
					"$(PROJECT_DIR)/Carthage/Build/Mac",
				);
				INFOPLIST_FILE = Plainy/Info.plist;
				LD_RUNPATH_SEARCH_PATHS = "$(inherited) @executable_path/../Frameworks";
				PRODUCT_BUNDLE_IDENTIFIER = co.hartl.Plainy;
				PRODUCT_NAME = "$(TARGET_NAME)";
				SWIFT_VERSION = 4.0;
			};
			name = Debug;
		};
		C5998B1C1FD013100096858D /* Release */ = {
			isa = XCBuildConfiguration;
			buildSettings = {
				ASSETCATALOG_COMPILER_APPICON_NAME = AppIcon;
				CODE_SIGN_ENTITLEMENTS = Plainy/Plainy.entitlements;
				CODE_SIGN_STYLE = Automatic;
				COMBINE_HIDPI_IMAGES = YES;
				FRAMEWORK_SEARCH_PATHS = (
					"$(inherited)",
					"$(PROJECT_DIR)/Carthage/Build/Mac",
				);
				INFOPLIST_FILE = Plainy/Info.plist;
				LD_RUNPATH_SEARCH_PATHS = "$(inherited) @executable_path/../Frameworks";
				PRODUCT_BUNDLE_IDENTIFIER = co.hartl.Plainy;
				PRODUCT_NAME = "$(TARGET_NAME)";
				SWIFT_VERSION = 4.0;
			};
			name = Release;
		};
		C5998B1E1FD013100096858D /* Debug */ = {
			isa = XCBuildConfiguration;
			buildSettings = {
				ALWAYS_EMBED_SWIFT_STANDARD_LIBRARIES = YES;
				BUNDLE_LOADER = "$(TEST_HOST)";
				CODE_SIGN_STYLE = Automatic;
				COMBINE_HIDPI_IMAGES = YES;
				FRAMEWORK_SEARCH_PATHS = (
					"$(inherited)",
					"$(PROJECT_DIR)/Carthage/Build/Mac",
				);
				INFOPLIST_FILE = PlainyTests/Info.plist;
				LD_RUNPATH_SEARCH_PATHS = "$(inherited) @executable_path/../Frameworks @loader_path/../Frameworks";
				PRODUCT_BUNDLE_IDENTIFIER = co.hartl.PlainyTests;
				PRODUCT_NAME = "$(TARGET_NAME)";
				SWIFT_VERSION = 4.0;
				TEST_HOST = "$(BUILT_PRODUCTS_DIR)/Plainy.app/Contents/MacOS/Plainy";
			};
			name = Debug;
		};
		C5998B1F1FD013100096858D /* Release */ = {
			isa = XCBuildConfiguration;
			buildSettings = {
				ALWAYS_EMBED_SWIFT_STANDARD_LIBRARIES = YES;
				BUNDLE_LOADER = "$(TEST_HOST)";
				CODE_SIGN_STYLE = Automatic;
				COMBINE_HIDPI_IMAGES = YES;
				FRAMEWORK_SEARCH_PATHS = (
					"$(inherited)",
					"$(PROJECT_DIR)/Carthage/Build/Mac",
				);
				INFOPLIST_FILE = PlainyTests/Info.plist;
				LD_RUNPATH_SEARCH_PATHS = "$(inherited) @executable_path/../Frameworks @loader_path/../Frameworks";
				PRODUCT_BUNDLE_IDENTIFIER = co.hartl.PlainyTests;
				PRODUCT_NAME = "$(TARGET_NAME)";
				SWIFT_VERSION = 4.0;
				TEST_HOST = "$(BUILT_PRODUCTS_DIR)/Plainy.app/Contents/MacOS/Plainy";
			};
			name = Release;
		};
		C5998B211FD013100096858D /* Debug */ = {
			isa = XCBuildConfiguration;
			buildSettings = {
				ALWAYS_EMBED_SWIFT_STANDARD_LIBRARIES = YES;
				CODE_SIGN_STYLE = Automatic;
				COMBINE_HIDPI_IMAGES = YES;
				INFOPLIST_FILE = PlainyUITests/Info.plist;
				LD_RUNPATH_SEARCH_PATHS = "$(inherited) @executable_path/../Frameworks @loader_path/../Frameworks";
				PRODUCT_BUNDLE_IDENTIFIER = co.hartl.PlainyUITests;
				PRODUCT_NAME = "$(TARGET_NAME)";
				SWIFT_VERSION = 4.0;
				TEST_TARGET_NAME = Plainy;
			};
			name = Debug;
		};
		C5998B221FD013100096858D /* Release */ = {
			isa = XCBuildConfiguration;
			buildSettings = {
				ALWAYS_EMBED_SWIFT_STANDARD_LIBRARIES = YES;
				CODE_SIGN_STYLE = Automatic;
				COMBINE_HIDPI_IMAGES = YES;
				INFOPLIST_FILE = PlainyUITests/Info.plist;
				LD_RUNPATH_SEARCH_PATHS = "$(inherited) @executable_path/../Frameworks @loader_path/../Frameworks";
				PRODUCT_BUNDLE_IDENTIFIER = co.hartl.PlainyUITests;
				PRODUCT_NAME = "$(TARGET_NAME)";
				SWIFT_VERSION = 4.0;
				TEST_TARGET_NAME = Plainy;
			};
			name = Release;
		};
/* End XCBuildConfiguration section */

/* Begin XCConfigurationList section */
		C5998AEF1FD013100096858D /* Build configuration list for PBXProject "Plainy" */ = {
			isa = XCConfigurationList;
			buildConfigurations = (
				C5998B181FD013100096858D /* Debug */,
				C5998B191FD013100096858D /* Release */,
			);
			defaultConfigurationIsVisible = 0;
			defaultConfigurationName = Release;
		};
		C5998B1A1FD013100096858D /* Build configuration list for PBXNativeTarget "Plainy" */ = {
			isa = XCConfigurationList;
			buildConfigurations = (
				C5998B1B1FD013100096858D /* Debug */,
				C5998B1C1FD013100096858D /* Release */,
			);
			defaultConfigurationIsVisible = 0;
			defaultConfigurationName = Release;
		};
		C5998B1D1FD013100096858D /* Build configuration list for PBXNativeTarget "PlainyTests" */ = {
			isa = XCConfigurationList;
			buildConfigurations = (
				C5998B1E1FD013100096858D /* Debug */,
				C5998B1F1FD013100096858D /* Release */,
			);
			defaultConfigurationIsVisible = 0;
			defaultConfigurationName = Release;
		};
		C5998B201FD013100096858D /* Build configuration list for PBXNativeTarget "PlainyUITests" */ = {
			isa = XCConfigurationList;
			buildConfigurations = (
				C5998B211FD013100096858D /* Debug */,
				C5998B221FD013100096858D /* Release */,
			);
			defaultConfigurationIsVisible = 0;
			defaultConfigurationName = Release;
		};
/* End XCConfigurationList section */

/* Begin XCVersionGroup section */
		5B44DA801FE66412001066F2 /* SearchModel.xcdatamodeld */ = {
			isa = XCVersionGroup;
			children = (
				5B44DA811FE66412001066F2 /* SearchModel.xcdatamodel */,
			);
			currentVersion = 5B44DA811FE66412001066F2 /* SearchModel.xcdatamodel */;
			path = SearchModel.xcdatamodeld;
			sourceTree = "<group>";
			versionGroupType = wrapper.xcdatamodel;
		};
/* End XCVersionGroup section */
	};
	rootObject = C5998AEC1FD013100096858D /* Project object */;
}
